
Microsoft Visual Studio Solution File, Format Version 12.00
# Visual Studio 2013
VisualStudioVersion = 12.0.31101.0
MinimumVisualStudioVersion = 10.0.40219.1
Project("{FAE04EC0-301F-11D3-BF4B-00C04F79EFBC}") = "Serialize", "Lab5\Serialize.csproj", "{F687621B-0D1E-4BF9-94D7-4F08F970CE22}"
EndProject
Global
	GlobalSection(SolutionConfigurationPlatforms) = preSolution
		Debug|Any CPU = Debug|Any CPU
		Release|Any CPU = Release|Any CPU
	EndGlobalSection
	GlobalSection(ProjectConfigurationPlatforms) = postSolution
		{F687621B-0D1E-4BF9-94D7-4F08F970CE22}.Debug|Any CPU.ActiveCfg = Debug|Any CPU
		{F687621B-0D1E-4BF9-94D7-4F08F970CE22}.Debug|Any CPU.Build.0 = Debug|Any CPU
		{F687621B-0D1E-4BF9-94D7-4F08F970CE22}.Release|Any CPU.ActiveCfg = Release|Any CPU
		{F687621B-0D1E-4BF9-94D7-4F08F970CE22}.Release|Any CPU.Build.0 = Release|Any CPU
	EndGlobalSection
	GlobalSection(SolutionProperties) = preSolution
		HideSolutionNode = FALSE
	EndGlobalSection
EndGlobal
